{
  "version": 4,
  "terraform_version": "1.14.5",
  "serial": 5,
  "lineage": "eb8e5f70-7c5c-2220-2741-aacf079d632d",
  "outputs": {
    "elasticsearch_endpoint": {
      "value": "https://6459319c412944808a78261ccc00b9fd.australiaeast.azure.elastic-cloud.com:443",
      "type": "string"
    },
    "elasticsearch_password": {
      "value": "tfZ8mmM5ve1Ftg4aQS4eWT2t",
      "type": "string",
      "sensitive": true
    },
    "elasticsearch_username": {
      "value": "elastic",
      "type": "string"
    },
    "kibana_endpoint": {
      "value": "https://aa7489bac2a2466885d4f1b29c28bdda.australiaeast.azure.elastic-cloud.com:443",
      "type": "string"
    }
  },
  "resources": [
    {
      "mode": "data",
      "type": "ec_stack",
      "name": "latest",
      "provider": "provider[\"registry.terraform.io/elastic/ec\"]",
      "instances": [
        {
          "schema_version": 0,
          "attributes": {
            "accessible": true,
            "allowlisted": true,
            "apm": [
              {
                "capacity_constraints_max": null,
                "capacity_constraints_min": null,
                "compatible_node_types": null,
                "denylist": null,
                "docker_image": "docker.elastic.co/cloud-release/elastic-agent-cloud:9.3.0"
              }
            ],
            "elasticsearch": [
              {
                "capacity_constraints_max": null,
                "capacity_constraints_min": null,
                "compatible_node_types": null,
                "default_plugins": null,
                "denylist": [
                  "node.name",
                  "cluster.name",
                  "processors",
                  "node.roles",
                  "node.master",
                  "node.data",
                  "node.ingest",
                  "path.conf",
                  "path.data",
                  "path.logs",
                  "path.plugins",
                  "path.home",
                  "network.publish_host",
                  "network.bind_host",
                  "http.port",
                  "http.publish_port",
                  "transport.tcp.port",
                  "discovery.type",
                  "discovery.zen.masterservice.type",
                  "discovery.zen.ping.multicast.enabled",
                  "discovery.zen.ping.unicast.hosts",
                  "discovery.zen.minimum_master_nodes",
                  "bootstrap.mlockall",
                  "node.region",
                  "node.availability_zone",
                  "node.logical_availability_zone",
                  "node.attr.region",
                  "node.attr.availability_zone",
                  "node.attr.logical_availability_zone",
                  "cluster.routing.allocation.awareness.attributes",
                  "node.max_local_storage_nodes",
                  "gateway.type",
                  "gateway.local.initial_meta",
                  "found.rest_filter.required",
                  "found.election.confirmed.enabled",
                  "found.zookeeper.connection_string",
                  "found.zookeeper.session_timeout",
                  "found.zookeeper.acls",
                  "found.zookeeper.auths",
                  "cloud.aws.region",
                  "cloud.aws.access_key",
                  "cloud.aws.secret_key",
                  "shield.transport.filter_enabled",
                  "shield.authc.system_key.file",
                  "xpack.ccr.enabled",
                  "xpack.ilm.enabled",
                  "xpack.security.system_key.required",
                  "xpack.security.authc.reserved_realm.enabled",
                  "xpack.security.authc.realms.found.type",
                  "xpack.security.authc.realms.found.files.users",
                  "xpack.security.authc.realms.found.files.users_roles",
                  "xpack.security.authc.realms.found.order",
                  "xpack.security.authc.realms.native.type",
                  "xpack.security.authc.realms.native.order",
                  "xpack.security.enabled",
                  "shield.hide_settings"
                ],
                "docker_image": "docker.elastic.co/cloud-release/elasticsearch-cloud-ess:9.3.0",
                "plugins": [
                  "analysis-icu",
                  "analysis-kuromoji",
                  "analysis-nori",
                  "analysis-phonetic",
                  "analysis-smartcn",
                  "analysis-stempel",
                  "analysis-ukrainian",
                  "mapper-annotated-text",
                  "mapper-murmur3",
                  "mapper-size",
                  "microsoft-graph-authz"
                ]
              }
            ],
            "enterprise_search": null,
            "id": "9.3.0",
            "kibana": [
              {
                "capacity_constraints_max": null,
                "capacity_constraints_min": null,
                "compatible_node_types": null,
                "denylist": [
                  "node.name",
                  "cluster.name",
                  "processors",
                  "node.master",
                  "node.data",
                  "path.conf",
                  "path.data",
                  "path.logs",
                  "path.plugins",
                  "path.home",
                  "network.publish_host",
                  "network.bind_host",
                  "http.port",
                  "http.publish_port",
                  "transport.tcp.port",
                  "discovery.type",
                  "discovery.zen.masterservice.type",
                  "discovery.zen.ping.multicast.enabled",
                  "discovery.zen.ping.unicast.hosts",
                  "discovery.zen.minimum_master_nodes",
                  "bootstrap.mlockall",
                  "node.region",
                  "node.availability_zone",
                  "node.logical_availability_zone",
                  "node.attr.region",
                  "node.attr.availability_zone",
                  "node.attr.logical_availability_zone",
                  "cluster.routing.allocation.awareness.attributes",
                  "node.max_local_storage_nodes",
                  "gateway.type",
                  "gateway.local.initial_meta",
                  "found.rest_filter.required",
                  "found.election.confirmed.enabled",
                  "found.zookeeper.connection_string",
                  "found.zookeeper.session_timeout",
                  "found.zookeeper.acls",
                  "found.zookeeper.auths",
                  "cloud.aws.region",
                  "cloud.aws.access_key",
                  "cloud.aws.secret_key",
                  "shield.transport.filter_enabled",
                  "shield.authc.system_key.file",
                  "xpack.ccr.ui.enabled",
                  "xpack.ilm.filteredNodeAttributes",
                  "xpack.ilm.ui.enabled",
                  "xpack.remote_clusters.ui.enabled",
                  "xpack.security.system_key.required",
                  "xpack.security.authc.reserved_realm.enabled",
                  "xpack.security.authc.realms.found.type",
                  "xpack.security.authc.realms.found.files.users",
                  "xpack.security.authc.realms.found.files.users_roles",
                  "xpack.security.authc.realms.found.order",
                  "xpack.security.authc.realms.native.type",
                  "xpack.security.authc.realms.native.order",
                  "xpack.security.enabled",
                  "shield.hide_settings"
                ],
                "docker_image": "docker.elastic.co/cloud-release/kibana-cloud:9.3.0"
              }
            ],
            "lock": null,
            "min_upgradable_from": "8.19.1",
            "region": "azure-australiaeast",
            "upgradable_to": null,
            "version": "9.3.0",
            "version_regex": "latest"
          },
          "sensitive_attributes": [],
          "identity_schema_version": 0
        }
      ]
    },
    {
      "mode": "managed",
      "type": "ec_deployment",
      "name": "example",
      "provider": "provider[\"registry.terraform.io/elastic/ec\"]",
      "instances": [
        {
          "schema_version": 2,
          "attributes": {
            "alias": "my-first-deployment-45a38e",
            "apm": null,
            "apm_secret_token": null,
            "deployment_template_id": "azure-general-purpose",
            "elasticsearch": {
              "autoscale": false,
              "cloud_id": "my-first-deployment:YXVzdHJhbGlhZWFzdC5henVyZS5lbGFzdGljLWNsb3VkLmNvbTo0NDMkNjQ1OTMxOWM0MTI5NDQ4MDhhNzgyNjFjY2MwMGI5ZmQkYWE3NDg5YmFjMmEyNDY2ODg1ZDRmMWIyOWMyOGJkZGE=",
              "cold": null,
              "config": null,
              "coordinating": null,
              "extension": null,
              "frozen": null,
              "hot": {
                "autoscaling": {
                  "autoscale": null,
                  "max_size": "120g",
                  "max_size_resource": "memory",
                  "min_size": null,
                  "min_size_resource": null,
                  "policy_override_json": null
                },
                "instance_configuration_id": "azure.es.datahot.ddv4",
                "instance_configuration_version": 1,
                "latest_instance_configuration_id": "azure.es.datahot.ddv4",
                "latest_instance_configuration_version": 1,
                "node_roles": [
                  "data_content",
                  "data_hot",
                  "ingest",
                  "master",
                  "remote_cluster_client",
                  "transform"
                ],
                "node_type_data": null,
                "node_type_ingest": null,
                "node_type_master": null,
                "node_type_ml": null,
                "size": "8g",
                "size_resource": "memory",
                "zone_count": 2
              },
              "http_endpoint": "http://6459319c412944808a78261ccc00b9fd.australiaeast.azure.elastic-cloud.com:9200",
              "https_endpoint": "https://6459319c412944808a78261ccc00b9fd.australiaeast.azure.elastic-cloud.com:443",
              "keystore_contents": null,
              "master": null,
              "ml": null,
              "ref_id": "main-elasticsearch",
              "region": "azure-australiaeast",
              "remote_cluster": null,
              "resource_id": "6459319c412944808a78261ccc00b9fd",
              "snapshot": {
                "enabled": true,
                "repository": null
              },
              "snapshot_source": null,
              "strategy": null,
              "trust_account": [
                {
                  "account_id": "3267961320",
                  "trust_all": true,
                  "trust_allowlist": null
                }
              ],
              "trust_external": [],
              "warm": null
            },
            "elasticsearch_password": "tfZ8mmM5ve1Ftg4aQS4eWT2t",
            "elasticsearch_username": "elastic",
            "enterprise_search": null,
            "id": "45a38e91702e313615a0c1e780fb497d",
            "integrations_server": null,
            "kibana": {
              "config": null,
              "elasticsearch_cluster_ref_id": "main-elasticsearch",
              "http_endpoint": "http://aa7489bac2a2466885d4f1b29c28bdda.australiaeast.azure.elastic-cloud.com:9200",
              "https_endpoint": "https://aa7489bac2a2466885d4f1b29c28bdda.australiaeast.azure.elastic-cloud.com:443",
              "instance_configuration_id": "azure.kibana.fsv2",
              "instance_configuration_version": 1,
              "latest_instance_configuration_id": "azure.kibana.fsv2",
              "latest_instance_configuration_version": 1,
              "ref_id": "main-kibana",
              "region": "azure-australiaeast",
              "resource_id": "aa7489bac2a2466885d4f1b29c28bdda",
              "size": "1g",
              "size_resource": "memory",
              "zone_count": 1
            },
            "migrate_to_latest_hardware": null,
            "name": "my-first-deployment",
            "observability": null,
            "region": "azure-australiaeast",
            "request_id": "",
            "reset_elasticsearch_password": null,
            "tags": null,
            "traffic_filter": [],
            "version": "9.3.0"
          },
          "sensitive_attributes": [
            [
              {
                "type": "get_attr",
                "value": "apm_secret_token"
              }
            ],
            [
              {
                "type": "get_attr",
                "value": "elasticsearch_password"
              }
            ]
          ],
          "identity_schema_version": 0,
          "private": "eyJ0cmFmZmljX2ZpbHRlcnMiOiJXMTA9In0=",
          "dependencies": [
            "data.ec_stack.latest"
          ]
        }
      ]
    }
  ],
  "check_results": null
}
